%{"bucs": {:hex, :bucs, "1.0.6", "b0467388b5adaabb4d8726595b7b754a961bfe80f0ccac88f58e1afea32be6d0", [:make, :mix, :rebar3], []},
  "cowboy": {:git, "https://github.com/ninenines/cowboy.git", "dbb636034f20736e16eb9d6c809217c9525b6cbd", [tag: "2.0.0-pre.3"]},
  "cowboy_default_static_file": {:git, "https://github.com/botsunit/cowboy_default_static_file.git", "8c56e6a193622c8e9d69992592cac44a73ebbc76", [tag: "1.3.2"]},
  "cowlib": {:git, "https://github.com/ninenines/cowlib", "0e7abe0b24593f131add272c275406d8ed231805", [ref: "master"]},
  "doteki": {:hex, :doteki, "1.0.5", "1e719dbe540f84ea87c6dc92be4b6f706a42b08067af519de13b6efc27243a49", [:make, :mix, :rebar3], [{:bucs, "~> 1.0.6", [hex: :bucs, optional: false]}]},
  "ephemeral": {:hex, :ephemeral, "2.0.3", "c1c9a52137eb6edc34d474d2a6aa21e81edca94d738bf463ab0a9933db9a5640", [:make, :mix, :rebar3], [{:bucs, "~> 1.0.6", [hex: :bucs, optional: false]}]},
  "erlydtl": {:hex, :erlydtl2, "0.11.1", "d612c44299204145fc282c4b2f70af2f29d54fd057219cc64a36c0a908f3756b", [:rebar3], []},
  "goldrush": {:hex, :goldrush, "0.1.9", "f06e5d5f1277da5c413e84d5a2924174182fb108dabb39d5ec548b27424cd106", [:rebar3], []},
  "lager": {:hex, :lager, "3.2.4", "a6deb74dae7927f46bd13255268308ef03eb206ec784a94eaf7c1c0f3b811615", [:rebar3], [{:goldrush, "0.1.9", [hex: :goldrush, optional: false]}]},
  "ranch": {:git, "https://github.com/ninenines/ranch", "741bfb73ca663394ecf7a73410506d66f01985a6", [ref: "1.1.0"]}}
