[{<<"bucs">>,{pkg,<<"bucs">>,<<"0.1.9">>},0},
 {<<"cowboy">>,
  {git,"https://github.com/ninenines/cowboy.git",
       {ref,"dbb636034f20736e16eb9d6c809217c9525b6cbd"}},
  0},
 {<<"cowboy_default_static_file">>,
  {git,"https://github.com/botsunit/cowboy_default_static_file.git",
       {ref,"6efbae3cdd3aba051f005e142b488ec6d520d3c1"}},
  0},
 {<<"cowlib">>,
  {git,"https://github.com/ninenines/cowlib",
       {ref,"7e8ff1bf56b6ea816ea9516b9f88b6b01f3d3d1a"}},
  1},
 {<<"doteki">>,{pkg,<<"doteki">>,<<"0.1.13">>},0},
 {<<"erlydtl">>,{pkg,<<"erlydtl2">>,<<"0.11.1">>},0},
 {<<"goldrush">>,{pkg,<<"goldrush">>,<<"0.1.8">>},1},
 {<<"lager">>,{pkg,<<"lager">>,<<"3.2.1">>},0},
 {<<"ranch">>,
  {git,"https://github.com/ninenines/ranch",
       {ref,"741bfb73ca663394ecf7a73410506d66f01985a6"}},
  1},
 {<<"tempfile">>,
  {git,"https://github.com/botsunit/tempfile.git",
       {ref,"90065e0f21ffbddaadaee0d871a5521c9a765fac"}},
  0}].
