[{<<"bucs">>,{pkg,<<"bucs">>,<<"1.0.0">>},0},
 {<<"cowboy">>,
  {git,"https://github.com/ninenines/cowboy.git",
       {ref,"dbb636034f20736e16eb9d6c809217c9525b6cbd"}},
  0},
 {<<"cowboy_default_static_file">>,
  {git,"https://github.com/botsunit/cowboy_default_static_file.git",
       {ref,"35c036947d575bbff28804adce1fbd5e5e687f03"}},
  0},
 {<<"cowlib">>,
  {git,"https://github.com/ninenines/cowlib",
       {ref,"8e6d0f462850a90bd8a60995f52027839288d038"}},
  1},
 {<<"doteki">>,{pkg,<<"doteki">>,<<"1.0.0">>},0},
 {<<"erlydtl">>,{pkg,<<"erlydtl2">>,<<"0.11.1">>},0},
 {<<"goldrush">>,{pkg,<<"goldrush">>,<<"0.1.8">>},1},
 {<<"lager">>,{pkg,<<"lager">>,<<"3.2.1">>},0},
 {<<"ranch">>,
  {git,"https://github.com/ninenines/ranch",
       {ref,"741bfb73ca663394ecf7a73410506d66f01985a6"}},
  1},
 {<<"tempfile">>,
  {git,"https://github.com/botsunit/tempfile.git",
       {ref,"377407fc448e41de88685186d01caf9440d7be9d"}},
  0}].
