[{<<"bucs">>,{pkg,<<"bucs">>,<<"1.0.3">>},0},
 {<<"cowboy">>,
  {git,"https://github.com/ninenines/cowboy.git",
       {ref,"dbb636034f20736e16eb9d6c809217c9525b6cbd"}},
  0},
 {<<"cowboy_default_static_file">>,
  {git,"https://github.com/botsunit/cowboy_default_static_file.git",
       {ref,"cbe1f90a717b3f4d60a188fc512860678be8c48f"}},
  0},
 {<<"cowlib">>,
  {git,"https://github.com/ninenines/cowlib",
       {ref,"8e6d0f462850a90bd8a60995f52027839288d038"}},
  1},
 {<<"doteki">>,{pkg,<<"doteki">>,<<"1.0.3">>},0},
 {<<"ephemeral">>,{pkg,<<"ephemeral">>,<<"2.0.1">>},0},
 {<<"erlydtl">>,{pkg,<<"erlydtl2">>,<<"0.11.1">>},0},
 {<<"goldrush">>,{pkg,<<"goldrush">>,<<"0.1.8">>},1},
 {<<"lager">>,{pkg,<<"lager">>,<<"3.2.1">>},0},
 {<<"ranch">>,
  {git,"https://github.com/ninenines/ranch",
       {ref,"741bfb73ca663394ecf7a73410506d66f01985a6"}},
  1}].
